{
  "name": "cljs-coop",
  "version": "1.0.0",
  "lockfileVersion": 1,
  "requires": true,
  "dependencies": {
    "@babel/runtime": {
      "version": "7.3.1",
      "resolved": "https://registry.npmjs.org/@babel/runtime/-/runtime-7.3.1.tgz",
      "integrity": "sha512-7jGW8ppV0ant637pIqAcFfQDDH1orEPGJb8aXfUozuCU3QqX7rX4DA8iwrbPrR1hcH0FTTHz47yQnk+bl5xHQA==",
      "requires": {
        "regenerator-runtime": "^0.12.0"
      }
    },
    "bluebird": {
      "version": "3.5.3",
      "resolved": "https://registry.npmjs.org/bluebird/-/bluebird-3.5.3.tgz",
      "integrity": "sha512-/qKPUQlaW1OyR51WeCPBvRnAlnZFUJkCSG5HzGnuIqhgyJtF+T94lFnn33eiazjRm2LAHVy2guNnaq48X9SJuw=="
    },
    "codemirror": {
      "version": "5.43.0",
      "resolved": "https://registry.npmjs.org/codemirror/-/codemirror-5.43.0.tgz",
      "integrity": "sha512-mljwQWUaWIf85I7QwTBryF2ASaIvmYAL4s5UCanCJFfKeXOKhrqdHWdHiZWAMNT+hjLTCnVx2S/SYTORIgxsgA=="
    },
    "js-tokens": {
      "version": "4.0.0",
      "resolved": "https://registry.npmjs.org/js-tokens/-/js-tokens-4.0.0.tgz",
      "integrity": "sha512-RdJUflcE3cUzKiMqQgsCu06FPu9UdIJO0beYbPhHN4k6apgJtifcoCtT9bcxOpYBtpD2kCM6Sbzg4CausW/PKQ=="
    },
    "load-js": {
      "version": "3.0.3",
      "resolved": "https://registry.npmjs.org/load-js/-/load-js-3.0.3.tgz",
      "integrity": "sha512-y1Iqt5vikLPrI9xJHV3gK6TKDvGdJQPHjejJgP4BmS7wx4oo45+IMvnAT9jY8quL9NGtt0WlTuLq1pw7WuODYA=="
    },
    "loaderjs": {
      "version": "1.0.0",
      "resolved": "https://registry.npmjs.org/loaderjs/-/loaderjs-1.0.0.tgz",
      "integrity": "sha512-b6RUNBSx7vzo+asl/y8xUAUee3MG2zvBPKaQUzqcjBCo7QAjnLTTyNKHJvyt2a71FOY94LtN3UaF8W/vwD/sYA=="
    },
    "loadjs": {
      "version": "3.5.5",
      "resolved": "https://registry.npmjs.org/loadjs/-/loadjs-3.5.5.tgz",
      "integrity": "sha512-qBuLnKt4C6+vctutozFqPHQ6s4SSa9tcE64NsvDJ92UZmUrFvqGI1oVOtnZz2xwpgOT+2niQtHtQIDP4e/wlTA=="
    },
    "loose-envify": {
      "version": "1.4.0",
      "resolved": "https://registry.npmjs.org/loose-envify/-/loose-envify-1.4.0.tgz",
      "integrity": "sha512-lyuxPGr/Wfhrlem2CL/UcnUc1zcqKAImBDzukY7Y5F/yQiNdko6+fRLevlw1HgMySw7f611UIY408EtxRSoK3Q==",
      "requires": {
        "js-tokens": "^3.0.0 || ^4.0.0"
      }
    },
    "object-assign": {
      "version": "4.1.1",
      "resolved": "https://registry.npmjs.org/object-assign/-/object-assign-4.1.1.tgz",
      "integrity": "sha1-IQmtx5ZYh8/AXLvUQsrIv7s2CGM="
    },
    "prop-types": {
      "version": "15.7.2",
      "resolved": "https://registry.npmjs.org/prop-types/-/prop-types-15.7.2.tgz",
      "integrity": "sha512-8QQikdH7//R2vurIJSutZ1smHYTcLpRWEOlHnzcWHmBYrOGUysKwSsrC89BCiFj3CbrfJ/nXFdJepOVrY1GCHQ==",
      "requires": {
        "loose-envify": "^1.4.0",
        "object-assign": "^4.1.1",
        "react-is": "^16.8.1"
      }
    },
    "react": {
      "version": "16.8.2",
      "resolved": "https://registry.npmjs.org/react/-/react-16.8.2.tgz",
      "integrity": "sha512-aB2ctx9uQ9vo09HVknqv3DGRpI7OIGJhCx3Bt0QqoRluEjHSaObJl+nG12GDdYH6sTgE7YiPJ6ZUyMx9kICdXw==",
      "requires": {
        "loose-envify": "^1.1.0",
        "object-assign": "^4.1.1",
        "prop-types": "^15.6.2",
        "scheduler": "^0.13.2"
      }
    },
    "react-codemirror2": {
      "version": "5.1.0",
      "resolved": "https://registry.npmjs.org/react-codemirror2/-/react-codemirror2-5.1.0.tgz",
      "integrity": "sha512-Cksbgbviuf2mJfMyrKmcu7ycK6zX/ukuQO8dvRZdFWqATf5joalhjFc6etnBdGCcPA2LbhIwz+OPnQxLN/j1Fw=="
    },
    "react-dom": {
      "version": "16.8.2",
      "resolved": "https://registry.npmjs.org/react-dom/-/react-dom-16.8.2.tgz",
      "integrity": "sha512-cPGfgFfwi+VCZjk73buu14pYkYBR1b/SRMSYqkLDdhSEHnSwcuYTPu6/Bh6ZphJFIk80XLvbSe2azfcRzNF+Xg==",
      "requires": {
        "loose-envify": "^1.1.0",
        "object-assign": "^4.1.1",
        "prop-types": "^15.6.2",
        "scheduler": "^0.13.2"
      }
    },
    "react-gesture": {
      "version": "0.0.5",
      "resolved": "https://registry.npmjs.org/react-gesture/-/react-gesture-0.0.5.tgz",
      "integrity": "sha1-uXhhX+PUv18OkC1yBKWhGvoIdJY="
    },
    "react-is": {
      "version": "16.8.2",
      "resolved": "https://registry.npmjs.org/react-is/-/react-is-16.8.2.tgz",
      "integrity": "sha512-D+NxhSR2HUCjYky1q1DwpNUD44cDpUXzSmmFyC3ug1bClcU/iDNy0YNn1iwme28fn+NFhpA13IndOd42CrFb+Q=="
    },
    "react-spring": {
      "version": "8.0.7",
      "resolved": "https://registry.npmjs.org/react-spring/-/react-spring-8.0.7.tgz",
      "integrity": "sha512-QHEjWLvEuRCGFRlR29o03CMc+uN1QMPt8Gxxp37szpnkJUq+HDIWNXNCacQ+kJxqzcu65JoeWV6D5q3/y5VK6Q==",
      "requires": {
        "@babel/runtime": "^7.3.1"
      }
    },
    "regenerator-runtime": {
      "version": "0.12.1",
      "resolved": "https://registry.npmjs.org/regenerator-runtime/-/regenerator-runtime-0.12.1.tgz",
      "integrity": "sha512-odxIc1/vDlo4iZcfXqRYFj0vpXFNoGdKMAUieAlFYO6m/nl5e9KR/beGf41z4a1FI+aQgtjhuaSlDxQ0hmkrHg=="
    },
    "scheduler": {
      "version": "0.13.2",
      "resolved": "https://registry.npmjs.org/scheduler/-/scheduler-0.13.2.tgz",
      "integrity": "sha512-qK5P8tHS7vdEMCW5IPyt8v9MJOHqTrOUgPXib7tqm9vh834ibBX5BNhwkplX/0iOzHW5sXyluehYfS9yrkz9+w==",
      "requires": {
        "loose-envify": "^1.1.0",
        "object-assign": "^4.1.1"
      }
    },
    "systemjs": {
      "version": "3.0.0",
      "resolved": "https://registry.npmjs.org/systemjs/-/systemjs-3.0.0.tgz",
      "integrity": "sha512-EkC2dGhRkGJy0Ug5eZWIveIFTyPNXjW1J7PIBpPtzHuw6nDRJEFQr/rAOdfclD6PN/2YIAeexpP4LrgLZhmNrw=="
    }
  }
}
